<Solution>
  <Configurations>
    <BuildType Name="Debug" />
    <BuildType Name="DebugMT" />
    <BuildType Name="Release" />
    <BuildType Name="ReleaseMT" />
    <Platform Name="x64" />
    <Platform Name="x86" />
  </Configurations>
  <Project Path="suseong-project.vcxproj" Id="506b23a3-f227-4a76-a71b-6a786b8015e2">
    <BuildType Solution="Debug|x86" Project="ReleaseMT" />
    <Platform Solution="Debug|x86" Project="x64" />
  </Project>
</Solution>
