<Solution>
  <Configurations>
    <BuildType Name="Debug" />
    <BuildType Name="DebugMT" />
    <BuildType Name="Release" />
    <BuildType Name="ReleaseMT" />
    <Platform Name="x64" />
    <Platform Name="x86" />
  </Configurations>
  <Project Path="../../Src/suseong-project/suseong-project.vcxproj" Id="506b23a3-f227-4a76-a71b-6a786b8015e2" />
  <Project Path="suseong-test.vcxproj" Id="ef172aae-2cb3-462b-bf41-5130ddb2ae9e">
    <BuildType Solution="DebugMT|x86" Project="DubugMT" />
  </Project>
</Solution>
